{
  "name": "idw",
  "version": "0.0.1",
  "lockfileVersion": 2,
  "requires": true,
  "packages": {
    "": {
      "name": "idw",
      "version": "0.0.1",
      "license": "MIT",
      "dependencies": {
        "poissimple": "^0.0.2"
      }
    },
    "node_modules/poissimple": {
      "version": "0.0.2",
      "resolved": "https://registry.npmjs.org/poissimple/-/poissimple-0.0.2.tgz",
      "integrity": "sha512-4Dx63eIot0jG9Ot/WZ2NJ4egt4Cdi1HgAVEKbXJ10kgxe3r+dM7hZ0BdCjTqHmCCsaXHwsClzoVA54Dc77EFmg=="
    }
  },
  "dependencies": {
    "poissimple": {
      "version": "0.0.2",
      "resolved": "https://registry.npmjs.org/poissimple/-/poissimple-0.0.2.tgz",
      "integrity": "sha512-4Dx63eIot0jG9Ot/WZ2NJ4egt4Cdi1HgAVEKbXJ10kgxe3r+dM7hZ0BdCjTqHmCCsaXHwsClzoVA54Dc77EFmg=="
    }
  }
}
